
Microsoft Visual Studio Solution File, Format Version 12.00
# Visual Studio 15
VisualStudioVersion = 15.0.28307.539
MinimumVisualStudioVersion = 10.0.40219.1
Project("{FAE04EC0-301F-11D3-BF4B-00C04F79EFBC}") = "InventoryImporter", "InventoryImporter\InventoryImporter.csproj", "{F650FD70-2F86-4A4C-B8B7-9556328AB060}"
EndProject
Global
	GlobalSection(SolutionConfigurationPlatforms) = preSolution
		Debug|Any CPU = Debug|Any CPU
		Release|Any CPU = Release|Any CPU
	EndGlobalSection
	GlobalSection(ProjectConfigurationPlatforms) = postSolution
		{F650FD70-2F86-4A4C-B8B7-9556328AB060}.Debug|Any CPU.ActiveCfg = Debug|Any CPU
		{F650FD70-2F86-4A4C-B8B7-9556328AB060}.Debug|Any CPU.Build.0 = Debug|Any CPU
		{F650FD70-2F86-4A4C-B8B7-9556328AB060}.Release|Any CPU.ActiveCfg = Release|Any CPU
		{F650FD70-2F86-4A4C-B8B7-9556328AB060}.Release|Any CPU.Build.0 = Release|Any CPU
	EndGlobalSection
	GlobalSection(SolutionProperties) = preSolution
		HideSolutionNode = FALSE
	EndGlobalSection
	GlobalSection(ExtensibilityGlobals) = postSolution
		SolutionGuid = {2758125F-CACD-42BB-BA21-1F4E0EF0EACD}
	EndGlobalSection
EndGlobal
